// !$*UTF8*$!
{
	archiveVersion = 1;
	classes = {
	};
	objectVersion = 56;
	objects = {

/* Begin PBXBuildFile section */
		7036607E293C576C00D46160 /* final_projectApp.swift in Sources */ = {isa = PBXBuildFile; fileRef = 7036607D293C576C00D46160 /* final_projectApp.swift */; };
		70366080293C576C00D46160 /* ContentView.swift in Sources */ = {isa = PBXBuildFile; fileRef = 7036607F293C576C00D46160 /* ContentView.swift */; };
		70366082293C576D00D46160 /* Assets.xcassets in Resources */ = {isa = PBXBuildFile; fileRef = 70366081293C576D00D46160 /* Assets.xcassets */; };
		70366085293C576D00D46160 /* Preview Assets.xcassets in Resources */ = {isa = PBXBuildFile; fileRef = 70366084293C576D00D46160 /* Preview Assets.xcassets */; };
		7036608C293C684600D46160 /* PokemonListView.swift in Sources */ = {isa = PBXBuildFile; fileRef = 7036608B293C684600D46160 /* PokemonListView.swift */; };
		7036608E293C6CCF00D46160 /* PokemonJSON.swift in Sources */ = {isa = PBXBuildFile; fileRef = 7036608D293C6CCF00D46160 /* PokemonJSON.swift */; };
		70366092293CB85C00D46160 /* PokemonDetailView.swift in Sources */ = {isa = PBXBuildFile; fileRef = 70366091293CB85C00D46160 /* PokemonDetailView.swift */; };
		703660942944AA7500D46160 /* PokemonType.swift in Sources */ = {isa = PBXBuildFile; fileRef = 703660932944AA7500D46160 /* PokemonType.swift */; };
		703660982951BDFF00D46160 /* FavoritesView.swift in Sources */ = {isa = PBXBuildFile; fileRef = 703660972951BDFF00D46160 /* FavoritesView.swift */; };
		703660A02951F6C200D46160 /* WidgetKit.framework in Frameworks */ = {isa = PBXBuildFile; fileRef = 7036609F2951F6C200D46160 /* WidgetKit.framework */; };
		703660A22951F6C200D46160 /* SwiftUI.framework in Frameworks */ = {isa = PBXBuildFile; fileRef = 703660A12951F6C200D46160 /* SwiftUI.framework */; };
		703660A52951F6C200D46160 /* PokedexWidget.swift in Sources */ = {isa = PBXBuildFile; fileRef = 703660A42951F6C200D46160 /* PokedexWidget.swift */; };
		703660A82951F6C400D46160 /* Assets.xcassets in Resources */ = {isa = PBXBuildFile; fileRef = 703660A72951F6C400D46160 /* Assets.xcassets */; };
		703660AA2951F6C400D46160 /* PokedexWidget.intentdefinition in Sources */ = {isa = PBXBuildFile; fileRef = 703660A62951F6C200D46160 /* PokedexWidget.intentdefinition */; };
		703660AB2951F6C400D46160 /* PokedexWidget.intentdefinition in Sources */ = {isa = PBXBuildFile; fileRef = 703660A62951F6C200D46160 /* PokedexWidget.intentdefinition */; };
		703660AE2951F6C400D46160 /* final_projectWidgetExtension.appex in Embed Foundation Extensions */ = {isa = PBXBuildFile; fileRef = 7036609D2951F6C200D46160 /* final_projectWidgetExtension.appex */; settings = {ATTRIBUTES = (RemoveHeadersOnCopy, ); }; };
		703660B82956D3C200D46160 /* Nuke in Frameworks */ = {isa = PBXBuildFile; productRef = 703660B72956D3C200D46160 /* Nuke */; };
		703660BA2956D41900D46160 /* AnimateText in Frameworks */ = {isa = PBXBuildFile; productRef = 703660B92956D41900D46160 /* AnimateText */; };
		703660BD2956D80700D46160 /* EasyMenu in Frameworks */ = {isa = PBXBuildFile; productRef = 703660BC2956D80700D46160 /* EasyMenu */; };
		703660C02956D8A100D46160 /* Shiny in Frameworks */ = {isa = PBXBuildFile; productRef = 703660BF2956D8A100D46160 /* Shiny */; };
		703660C32956D97300D46160 /* Liquid in Frameworks */ = {isa = PBXBuildFile; productRef = 703660C22956D97300D46160 /* Liquid */; };
/* End PBXBuildFile section */

/* Begin PBXContainerItemProxy section */
		703660AC2951F6C400D46160 /* PBXContainerItemProxy */ = {
			isa = PBXContainerItemProxy;
			containerPortal = 70366072293C576C00D46160 /* Project object */;
			proxyType = 1;
			remoteGlobalIDString = 7036609C2951F6C200D46160;
			remoteInfo = PokedexWidgetExtension;
		};
/* End PBXContainerItemProxy section */

/* Begin PBXCopyFilesBuildPhase section */
		703660AF2951F6C400D46160 /* Embed Foundation Extensions */ = {
			isa = PBXCopyFilesBuildPhase;
			buildActionMask = 2147483647;
			dstPath = "";
			dstSubfolderSpec = 13;
			files = (
				703660AE2951F6C400D46160 /* final_projectWidgetExtension.appex in Embed Foundation Extensions */,
			);
			name = "Embed Foundation Extensions";
			runOnlyForDeploymentPostprocessing = 0;
		};
/* End PBXCopyFilesBuildPhase section */

/* Begin PBXFileReference section */
		7036607A293C576C00D46160 /* final_project.app */ = {isa = PBXFileReference; explicitFileType = wrapper.application; includeInIndex = 0; path = final_project.app; sourceTree = BUILT_PRODUCTS_DIR; };
		7036607D293C576C00D46160 /* final_projectApp.swift */ = {isa = PBXFileReference; lastKnownFileType = sourcecode.swift; path = final_projectApp.swift; sourceTree = "<group>"; };
		7036607F293C576C00D46160 /* ContentView.swift */ = {isa = PBXFileReference; lastKnownFileType = sourcecode.swift; path = ContentView.swift; sourceTree = "<group>"; };
		70366081293C576D00D46160 /* Assets.xcassets */ = {isa = PBXFileReference; lastKnownFileType = folder.assetcatalog; path = Assets.xcassets; sourceTree = "<group>"; };
		70366084293C576D00D46160 /* Preview Assets.xcassets */ = {isa = PBXFileReference; lastKnownFileType = folder.assetcatalog; path = "Preview Assets.xcassets"; sourceTree = "<group>"; };
		7036608B293C684600D46160 /* PokemonListView.swift */ = {isa = PBXFileReference; lastKnownFileType = sourcecode.swift; path = PokemonListView.swift; sourceTree = "<group>"; };
		7036608D293C6CCF00D46160 /* PokemonJSON.swift */ = {isa = PBXFileReference; lastKnownFileType = sourcecode.swift; path = PokemonJSON.swift; sourceTree = "<group>"; };
		70366091293CB85C00D46160 /* PokemonDetailView.swift */ = {isa = PBXFileReference; lastKnownFileType = sourcecode.swift; path = PokemonDetailView.swift; sourceTree = "<group>"; };
		703660932944AA7500D46160 /* PokemonType.swift */ = {isa = PBXFileReference; lastKnownFileType = sourcecode.swift; path = PokemonType.swift; sourceTree = "<group>"; };
		703660972951BDFF00D46160 /* FavoritesView.swift */ = {isa = PBXFileReference; lastKnownFileType = sourcecode.swift; path = FavoritesView.swift; sourceTree = "<group>"; };
		7036609D2951F6C200D46160 /* final_projectWidgetExtension.appex */ = {isa = PBXFileReference; explicitFileType = "wrapper.app-extension"; includeInIndex = 0; path = final_projectWidgetExtension.appex; sourceTree = BUILT_PRODUCTS_DIR; };
		7036609F2951F6C200D46160 /* WidgetKit.framework */ = {isa = PBXFileReference; lastKnownFileType = wrapper.framework; name = WidgetKit.framework; path = System/Library/Frameworks/WidgetKit.framework; sourceTree = SDKROOT; };
		703660A12951F6C200D46160 /* SwiftUI.framework */ = {isa = PBXFileReference; lastKnownFileType = wrapper.framework; name = SwiftUI.framework; path = System/Library/Frameworks/SwiftUI.framework; sourceTree = SDKROOT; };
		703660A42951F6C200D46160 /* PokedexWidget.swift */ = {isa = PBXFileReference; lastKnownFileType = sourcecode.swift; path = PokedexWidget.swift; sourceTree = "<group>"; };
		703660A62951F6C200D46160 /* PokedexWidget.intentdefinition */ = {isa = PBXFileReference; lastKnownFileType = file.intentdefinition; path = PokedexWidget.intentdefinition; sourceTree = "<group>"; };
		703660A72951F6C400D46160 /* Assets.xcassets */ = {isa = PBXFileReference; lastKnownFileType = folder.assetcatalog; path = Assets.xcassets; sourceTree = "<group>"; };
		703660A92951F6C400D46160 /* Info.plist */ = {isa = PBXFileReference; lastKnownFileType = text.plist.xml; path = Info.plist; sourceTree = "<group>"; };
/* End PBXFileReference section */

/* Begin PBXFrameworksBuildPhase section */
		70366077293C576C00D46160 /* Frameworks */ = {
			isa = PBXFrameworksBuildPhase;
			buildActionMask = 2147483647;
			files = (
				703660C32956D97300D46160 /* Liquid in Frameworks */,
				703660C02956D8A100D46160 /* Shiny in Frameworks */,
				703660B82956D3C200D46160 /* Nuke in Frameworks */,
				703660BD2956D80700D46160 /* EasyMenu in Frameworks */,
				703660BA2956D41900D46160 /* AnimateText in Frameworks */,
			);
			runOnlyForDeploymentPostprocessing = 0;
		};
		7036609A2951F6C200D46160 /* Frameworks */ = {
			isa = PBXFrameworksBuildPhase;
			buildActionMask = 2147483647;
			files = (
				703660A22951F6C200D46160 /* SwiftUI.framework in Frameworks */,
				703660A02951F6C200D46160 /* WidgetKit.framework in Frameworks */,
			);
			runOnlyForDeploymentPostprocessing = 0;
		};
/* End PBXFrameworksBuildPhase section */

/* Begin PBXGroup section */
		70366071293C576C00D46160 = {
			isa = PBXGroup;
			children = (
				7036607C293C576C00D46160 /* final_project */,
				703660A32951F6C200D46160 /* PokedexWidget */,
				7036609E2951F6C200D46160 /* Frameworks */,
				7036607B293C576C00D46160 /* Products */,
			);
			sourceTree = "<group>";
		};
		7036607B293C576C00D46160 /* Products */ = {
			isa = PBXGroup;
			children = (
				7036607A293C576C00D46160 /* final_project.app */,
				7036609D2951F6C200D46160 /* final_projectWidgetExtension.appex */,
			);
			name = Products;
			sourceTree = "<group>";
		};
		7036607C293C576C00D46160 /* final_project */ = {
			isa = PBXGroup;
			children = (
				7036607D293C576C00D46160 /* final_projectApp.swift */,
				7036607F293C576C00D46160 /* ContentView.swift */,
				703660932944AA7500D46160 /* PokemonType.swift */,
				7036608B293C684600D46160 /* PokemonListView.swift */,
				703660972951BDFF00D46160 /* FavoritesView.swift */,
				70366091293CB85C00D46160 /* PokemonDetailView.swift */,
				7036608D293C6CCF00D46160 /* PokemonJSON.swift */,
				70366081293C576D00D46160 /* Assets.xcassets */,
				70366083293C576D00D46160 /* Preview Content */,
			);
			path = final_project;
			sourceTree = "<group>";
		};
		70366083293C576D00D46160 /* Preview Content */ = {
			isa = PBXGroup;
			children = (
				70366084293C576D00D46160 /* Preview Assets.xcassets */,
			);
			path = "Preview Content";
			sourceTree = "<group>";
		};
		7036609E2951F6C200D46160 /* Frameworks */ = {
			isa = PBXGroup;
			children = (
				7036609F2951F6C200D46160 /* WidgetKit.framework */,
				703660A12951F6C200D46160 /* SwiftUI.framework */,
			);
			name = Frameworks;
			sourceTree = "<group>";
		};
		703660A32951F6C200D46160 /* PokedexWidget */ = {
			isa = PBXGroup;
			children = (
				703660A42951F6C200D46160 /* PokedexWidget.swift */,
				703660A62951F6C200D46160 /* PokedexWidget.intentdefinition */,
				703660A72951F6C400D46160 /* Assets.xcassets */,
				703660A92951F6C400D46160 /* Info.plist */,
			);
			path = PokedexWidget;
			sourceTree = "<group>";
		};
/* End PBXGroup section */

/* Begin PBXNativeTarget section */
		70366079293C576C00D46160 /* final_project */ = {
			isa = PBXNativeTarget;
			buildConfigurationList = 70366088293C576D00D46160 /* Build configuration list for PBXNativeTarget "final_project" */;
			buildPhases = (
				70366076293C576C00D46160 /* Sources */,
				70366077293C576C00D46160 /* Frameworks */,
				70366078293C576C00D46160 /* Resources */,
				703660AF2951F6C400D46160 /* Embed Foundation Extensions */,
			);
			buildRules = (
			);
			dependencies = (
				703660AD2951F6C400D46160 /* PBXTargetDependency */,
			);
			name = final_project;
			packageProductDependencies = (
				703660B72956D3C200D46160 /* Nuke */,
				703660B92956D41900D46160 /* AnimateText */,
				703660BC2956D80700D46160 /* EasyMenu */,
				703660BF2956D8A100D46160 /* Shiny */,
				703660C22956D97300D46160 /* Liquid */,
			);
			productName = final_project;
			productReference = 7036607A293C576C00D46160 /* final_project.app */;
			productType = "com.apple.product-type.application";
		};
		7036609C2951F6C200D46160 /* final_projectWidgetExtension */ = {
			isa = PBXNativeTarget;
			buildConfigurationList = 703660B22951F6C400D46160 /* Build configuration list for PBXNativeTarget "final_projectWidgetExtension" */;
			buildPhases = (
				703660992951F6C200D46160 /* Sources */,
				7036609A2951F6C200D46160 /* Frameworks */,
				7036609B2951F6C200D46160 /* Resources */,
			);
			buildRules = (
			);
			dependencies = (
			);
			name = final_projectWidgetExtension;
			productName = PokedexWidgetExtension;
			productReference = 7036609D2951F6C200D46160 /* final_projectWidgetExtension.appex */;
			productType = "com.apple.product-type.app-extension";
		};
/* End PBXNativeTarget section */

/* Begin PBXProject section */
		70366072293C576C00D46160 /* Project object */ = {
			isa = PBXProject;
			attributes = {
				BuildIndependentTargetsInParallel = 1;
				LastSwiftUpdateCheck = 1400;
				LastUpgradeCheck = 1400;
				TargetAttributes = {
					70366079293C576C00D46160 = {
						CreatedOnToolsVersion = 14.0;
					};
					7036609C2951F6C200D46160 = {
						CreatedOnToolsVersion = 14.0;
					};
				};
			};
			buildConfigurationList = 70366075293C576C00D46160 /* Build configuration list for PBXProject "final_project" */;
			compatibilityVersion = "Xcode 14.0";
			developmentRegion = en;
			hasScannedForEncodings = 0;
			knownRegions = (
				en,
				Base,
			);
			mainGroup = 70366071293C576C00D46160;
			packageReferences = (
				703660B32956CCE400D46160 /* XCRemoteSwiftPackageReference "AnimateText" */,
				703660B42956CEEB00D46160 /* XCRemoteSwiftPackageReference "Kingfisher" */,
				703660B52956CFF600D46160 /* XCRemoteSwiftPackageReference "SwipyCell" */,
				703660B62956D3C200D46160 /* XCRemoteSwiftPackageReference "Nuke" */,
				703660BB2956D80700D46160 /* XCRemoteSwiftPackageReference "EasyMenu" */,
				703660BE2956D8A100D46160 /* XCRemoteSwiftPackageReference "shiny" */,
				703660C12956D97300D46160 /* XCRemoteSwiftPackageReference "liquid" */,
			);
			productRefGroup = 7036607B293C576C00D46160 /* Products */;
			projectDirPath = "";
			projectRoot = "";
			targets = (
				70366079293C576C00D46160 /* final_project */,
				7036609C2951F6C200D46160 /* final_projectWidgetExtension */,
			);
		};
/* End PBXProject section */

/* Begin PBXResourcesBuildPhase section */
		70366078293C576C00D46160 /* Resources */ = {
			isa = PBXResourcesBuildPhase;
			buildActionMask = 2147483647;
			files = (
				70366085293C576D00D46160 /* Preview Assets.xcassets in Resources */,
				70366082293C576D00D46160 /* Assets.xcassets in Resources */,
			);
			runOnlyForDeploymentPostprocessing = 0;
		};
		7036609B2951F6C200D46160 /* Resources */ = {
			isa = PBXResourcesBuildPhase;
			buildActionMask = 2147483647;
			files = (
				703660A82951F6C400D46160 /* Assets.xcassets in Resources */,
			);
			runOnlyForDeploymentPostprocessing = 0;
		};
/* End PBXResourcesBuildPhase section */

/* Begin PBXSourcesBuildPhase section */
		70366076293C576C00D46160 /* Sources */ = {
			isa = PBXSourcesBuildPhase;
			buildActionMask = 2147483647;
			files = (
				70366080293C576C00D46160 /* ContentView.swift in Sources */,
				7036608C293C684600D46160 /* PokemonListView.swift in Sources */,
				7036607E293C576C00D46160 /* final_projectApp.swift in Sources */,
				703660AB2951F6C400D46160 /* PokedexWidget.intentdefinition in Sources */,
				703660942944AA7500D46160 /* PokemonType.swift in Sources */,
				703660982951BDFF00D46160 /* FavoritesView.swift in Sources */,
				7036608E293C6CCF00D46160 /* PokemonJSON.swift in Sources */,
				70366092293CB85C00D46160 /* PokemonDetailView.swift in Sources */,
			);
			runOnlyForDeploymentPostprocessing = 0;
		};
		703660992951F6C200D46160 /* Sources */ = {
			isa = PBXSourcesBuildPhase;
			buildActionMask = 2147483647;
			files = (
				703660A52951F6C200D46160 /* PokedexWidget.swift in Sources */,
				703660AA2951F6C400D46160 /* PokedexWidget.intentdefinition in Sources */,
			);
			runOnlyForDeploymentPostprocessing = 0;
		};
/* End PBXSourcesBuildPhase section */

/* Begin PBXTargetDependency section */
		703660AD2951F6C400D46160 /* PBXTargetDependency */ = {
			isa = PBXTargetDependency;
			target = 7036609C2951F6C200D46160 /* final_projectWidgetExtension */;
			targetProxy = 703660AC2951F6C400D46160 /* PBXContainerItemProxy */;
		};
/* End PBXTargetDependency section */

/* Begin XCBuildConfiguration section */
		70366086293C576D00D46160 /* Debug */ = {
			isa = XCBuildConfiguration;
			buildSettings = {
				ALWAYS_SEARCH_USER_PATHS = NO;
				CLANG_ANALYZER_NONNULL = YES;
				CLANG_ANALYZER_NUMBER_OBJECT_CONVERSION = YES_AGGRESSIVE;
				CLANG_CXX_LANGUAGE_STANDARD = "gnu++20";
				CLANG_ENABLE_MODULES = YES;
				CLANG_ENABLE_OBJC_ARC = YES;
				CLANG_ENABLE_OBJC_WEAK = YES;
				CLANG_WARN_BLOCK_CAPTURE_AUTORELEASING = YES;
				CLANG_WARN_BOOL_CONVERSION = YES;
				CLANG_WARN_COMMA = YES;
				CLANG_WARN_CONSTANT_CONVERSION = YES;
				CLANG_WARN_DEPRECATED_OBJC_IMPLEMENTATIONS = YES;
				CLANG_WARN_DIRECT_OBJC_ISA_USAGE = YES_ERROR;
				CLANG_WARN_DOCUMENTATION_COMMENTS = YES;
				CLANG_WARN_EMPTY_BODY = YES;
				CLANG_WARN_ENUM_CONVERSION = YES;
				CLANG_WARN_INFINITE_RECURSION = YES;
				CLANG_WARN_INT_CONVERSION = YES;
				CLANG_WARN_NON_LITERAL_NULL_CONVERSION = YES;
				CLANG_WARN_OBJC_IMPLICIT_RETAIN_SELF = YES;
				CLANG_WARN_OBJC_LITERAL_CONVERSION = YES;
				CLANG_WARN_OBJC_ROOT_CLASS = YES_ERROR;
				CLANG_WARN_QUOTED_INCLUDE_IN_FRAMEWORK_HEADER = YES;
				CLANG_WARN_RANGE_LOOP_ANALYSIS = YES;
				CLANG_WARN_STRICT_PROTOTYPES = YES;
				CLANG_WARN_SUSPICIOUS_MOVE = YES;
				CLANG_WARN_UNGUARDED_AVAILABILITY = YES_AGGRESSIVE;
				CLANG_WARN_UNREACHABLE_CODE = YES;
				CLANG_WARN__DUPLICATE_METHOD_MATCH = YES;
				COPY_PHASE_STRIP = NO;
				DEBUG_INFORMATION_FORMAT = dwarf;
				ENABLE_STRICT_OBJC_MSGSEND = YES;
				ENABLE_TESTABILITY = YES;
				GCC_C_LANGUAGE_STANDARD = gnu11;
				GCC_DYNAMIC_NO_PIC = NO;
				GCC_NO_COMMON_BLOCKS = YES;
				GCC_OPTIMIZATION_LEVEL = 0;
				GCC_PREPROCESSOR_DEFINITIONS = (
					"DEBUG=1",
					"$(inherited)",
				);
				GCC_WARN_64_TO_32_BIT_CONVERSION = YES;
				GCC_WARN_ABOUT_RETURN_TYPE = YES_ERROR;
				GCC_WARN_UNDECLARED_SELECTOR = YES;
				GCC_WARN_UNINITIALIZED_AUTOS = YES_AGGRESSIVE;
				GCC_WARN_UNUSED_FUNCTION = YES;
				GCC_WARN_UNUSED_VARIABLE = YES;
				IPHONEOS_DEPLOYMENT_TARGET = 16.0;
				MTL_ENABLE_DEBUG_INFO = INCLUDE_SOURCE;
				MTL_FAST_MATH = YES;
				ONLY_ACTIVE_ARCH = YES;
				SDKROOT = iphoneos;
				SWIFT_ACTIVE_COMPILATION_CONDITIONS = DEBUG;
				SWIFT_OPTIMIZATION_LEVEL = "-Onone";
			};
			name = Debug;
		};
		70366087293C576D00D46160 /* Release */ = {
			isa = XCBuildConfiguration;
			buildSettings = {
				ALWAYS_SEARCH_USER_PATHS = NO;
				CLANG_ANALYZER_NONNULL = YES;
				CLANG_ANALYZER_NUMBER_OBJECT_CONVERSION = YES_AGGRESSIVE;
				CLANG_CXX_LANGUAGE_STANDARD = "gnu++20";
				CLANG_ENABLE_MODULES = YES;
				CLANG_ENABLE_OBJC_ARC = YES;
				CLANG_ENABLE_OBJC_WEAK = YES;
				CLANG_WARN_BLOCK_CAPTURE_AUTORELEASING = YES;
				CLANG_WARN_BOOL_CONVERSION = YES;
				CLANG_WARN_COMMA = YES;
				CLANG_WARN_CONSTANT_CONVERSION = YES;
				CLANG_WARN_DEPRECATED_OBJC_IMPLEMENTATIONS = YES;
				CLANG_WARN_DIRECT_OBJC_ISA_USAGE = YES_ERROR;
				CLANG_WARN_DOCUMENTATION_COMMENTS = YES;
				CLANG_WARN_EMPTY_BODY = YES;
				CLANG_WARN_ENUM_CONVERSION = YES;
				CLANG_WARN_INFINITE_RECURSION = YES;
				CLANG_WARN_INT_CONVERSION = YES;
				CLANG_WARN_NON_LITERAL_NULL_CONVERSION = YES;
				CLANG_WARN_OBJC_IMPLICIT_RETAIN_SELF = YES;
				CLANG_WARN_OBJC_LITERAL_CONVERSION = YES;
				CLANG_WARN_OBJC_ROOT_CLASS = YES_ERROR;
				CLANG_WARN_QUOTED_INCLUDE_IN_FRAMEWORK_HEADER = YES;
				CLANG_WARN_RANGE_LOOP_ANALYSIS = YES;
				CLANG_WARN_STRICT_PROTOTYPES = YES;
				CLANG_WARN_SUSPICIOUS_MOVE = YES;
				CLANG_WARN_UNGUARDED_AVAILABILITY = YES_AGGRESSIVE;
				CLANG_WARN_UNREACHABLE_CODE = YES;
				CLANG_WARN__DUPLICATE_METHOD_MATCH = YES;
				COPY_PHASE_STRIP = NO;
				DEBUG_INFORMATION_FORMAT = "dwarf-with-dsym";
				ENABLE_NS_ASSERTIONS = NO;
				ENABLE_STRICT_OBJC_MSGSEND = YES;
				GCC_C_LANGUAGE_STANDARD = gnu11;
				GCC_NO_COMMON_BLOCKS = YES;
				GCC_WARN_64_TO_32_BIT_CONVERSION = YES;
				GCC_WARN_ABOUT_RETURN_TYPE = YES_ERROR;
				GCC_WARN_UNDECLARED_SELECTOR = YES;
				GCC_WARN_UNINITIALIZED_AUTOS = YES_AGGRESSIVE;
				GCC_WARN_UNUSED_FUNCTION = YES;
				GCC_WARN_UNUSED_VARIABLE = YES;
				IPHONEOS_DEPLOYMENT_TARGET = 16.0;
				MTL_ENABLE_DEBUG_INFO = NO;
				MTL_FAST_MATH = YES;
				SDKROOT = iphoneos;
				SWIFT_COMPILATION_MODE = wholemodule;
				SWIFT_OPTIMIZATION_LEVEL = "-O";
				VALIDATE_PRODUCT = YES;
			};
			name = Release;
		};
		70366089293C576D00D46160 /* Debug */ = {
			isa = XCBuildConfiguration;
			buildSettings = {
				ALWAYS_EMBED_SWIFT_STANDARD_LIBRARIES = YES;
				ASSETCATALOG_COMPILER_APPICON_NAME = AppIcon;
				ASSETCATALOG_COMPILER_GLOBAL_ACCENT_COLOR_NAME = AccentColor;
				CODE_SIGN_STYLE = Automatic;
				CURRENT_PROJECT_VERSION = 1;
				DEVELOPMENT_ASSET_PATHS = "\"final_project/Preview Content\"";
				ENABLE_PREVIEWS = YES;
				GENERATE_INFOPLIST_FILE = YES;
				INFOPLIST_KEY_UIApplicationSceneManifest_Generation = YES;
				INFOPLIST_KEY_UIApplicationSupportsIndirectInputEvents = YES;
				INFOPLIST_KEY_UILaunchScreen_Generation = YES;
				INFOPLIST_KEY_UISupportedInterfaceOrientations_iPad = "UIInterfaceOrientationPortrait UIInterfaceOrientationPortraitUpsideDown UIInterfaceOrientationLandscapeLeft UIInterfaceOrientationLandscapeRight";
				INFOPLIST_KEY_UISupportedInterfaceOrientations_iPhone = "UIInterfaceOrientationPortrait UIInterfaceOrientationLandscapeLeft UIInterfaceOrientationLandscapeRight";
				LD_RUNPATH_SEARCH_PATHS = (
					"$(inherited)",
					"@executable_path/Frameworks",
				);
				MARKETING_VERSION = 1.0;
				PRODUCT_BUNDLE_IDENTIFIER = "roykesydone.final-project";
				PRODUCT_NAME = "$(TARGET_NAME)";
				SWIFT_EMIT_LOC_STRINGS = YES;
				SWIFT_VERSION = 5.0;
				TARGETED_DEVICE_FAMILY = "1,2";
			};
			name = Debug;
		};
		7036608A293C576D00D46160 /* Release */ = {
			isa = XCBuildConfiguration;
			buildSettings = {
				ALWAYS_EMBED_SWIFT_STANDARD_LIBRARIES = YES;
				ASSETCATALOG_COMPILER_APPICON_NAME = AppIcon;
				ASSETCATALOG_COMPILER_GLOBAL_ACCENT_COLOR_NAME = AccentColor;
				CODE_SIGN_STYLE = Automatic;
				CURRENT_PROJECT_VERSION = 1;
				DEVELOPMENT_ASSET_PATHS = "\"final_project/Preview Content\"";
				ENABLE_PREVIEWS = YES;
				GENERATE_INFOPLIST_FILE = YES;
				INFOPLIST_KEY_UIApplicationSceneManifest_Generation = YES;
				INFOPLIST_KEY_UIApplicationSupportsIndirectInputEvents = YES;
				INFOPLIST_KEY_UILaunchScreen_Generation = YES;
				INFOPLIST_KEY_UISupportedInterfaceOrientations_iPad = "UIInterfaceOrientationPortrait UIInterfaceOrientationPortraitUpsideDown UIInterfaceOrientationLandscapeLeft UIInterfaceOrientationLandscapeRight";
				INFOPLIST_KEY_UISupportedInterfaceOrientations_iPhone = "UIInterfaceOrientationPortrait UIInterfaceOrientationLandscapeLeft UIInterfaceOrientationLandscapeRight";
				LD_RUNPATH_SEARCH_PATHS = (
					"$(inherited)",
					"@executable_path/Frameworks",
				);
				MARKETING_VERSION = 1.0;
				PRODUCT_BUNDLE_IDENTIFIER = "roykesydone.final-project";
				PRODUCT_NAME = "$(TARGET_NAME)";
				SWIFT_EMIT_LOC_STRINGS = YES;
				SWIFT_VERSION = 5.0;
				TARGETED_DEVICE_FAMILY = "1,2";
			};
			name = Release;
		};
		703660B02951F6C400D46160 /* Debug */ = {
			isa = XCBuildConfiguration;
			buildSettings = {
				ASSETCATALOG_COMPILER_GLOBAL_ACCENT_COLOR_NAME = AccentColor;
				ASSETCATALOG_COMPILER_WIDGET_BACKGROUND_COLOR_NAME = WidgetBackground;
				CODE_SIGN_STYLE = Automatic;
				CURRENT_PROJECT_VERSION = 1;
				GENERATE_INFOPLIST_FILE = YES;
				INFOPLIST_FILE = PokedexWidget/Info.plist;
				INFOPLIST_KEY_CFBundleDisplayName = PokedexWidget;
				INFOPLIST_KEY_NSHumanReadableCopyright = "";
				LD_RUNPATH_SEARCH_PATHS = (
					"$(inherited)",
					"@executable_path/Frameworks",
					"@executable_path/../../Frameworks",
				);
				MARKETING_VERSION = 1.0;
				PRODUCT_BUNDLE_IDENTIFIER = "roykesydone.final-project.PokedexWidget";
				PRODUCT_NAME = "$(TARGET_NAME)";
				SKIP_INSTALL = YES;
				SWIFT_EMIT_LOC_STRINGS = YES;
				SWIFT_VERSION = 5.0;
				TARGETED_DEVICE_FAMILY = "1,2";
			};
			name = Debug;
		};
		703660B12951F6C400D46160 /* Release */ = {
			isa = XCBuildConfiguration;
			buildSettings = {
				ASSETCATALOG_COMPILER_GLOBAL_ACCENT_COLOR_NAME = AccentColor;
				ASSETCATALOG_COMPILER_WIDGET_BACKGROUND_COLOR_NAME = WidgetBackground;
				CODE_SIGN_STYLE = Automatic;
				CURRENT_PROJECT_VERSION = 1;
				GENERATE_INFOPLIST_FILE = YES;
				INFOPLIST_FILE = PokedexWidget/Info.plist;
				INFOPLIST_KEY_CFBundleDisplayName = PokedexWidget;
				INFOPLIST_KEY_NSHumanReadableCopyright = "";
				LD_RUNPATH_SEARCH_PATHS = (
					"$(inherited)",
					"@executable_path/Frameworks",
					"@executable_path/../../Frameworks",
				);
				MARKETING_VERSION = 1.0;
				PRODUCT_BUNDLE_IDENTIFIER = "roykesydone.final-project.PokedexWidget";
				PRODUCT_NAME = "$(TARGET_NAME)";
				SKIP_INSTALL = YES;
				SWIFT_EMIT_LOC_STRINGS = YES;
				SWIFT_VERSION = 5.0;
				TARGETED_DEVICE_FAMILY = "1,2";
			};
			name = Release;
		};
/* End XCBuildConfiguration section */

/* Begin XCConfigurationList section */
		70366075293C576C00D46160 /* Build configuration list for PBXProject "final_project" */ = {
			isa = XCConfigurationList;
			buildConfigurations = (
				70366086293C576D00D46160 /* Debug */,
				70366087293C576D00D46160 /* Release */,
			);
			defaultConfigurationIsVisible = 0;
			defaultConfigurationName = Release;
		};
		70366088293C576D00D46160 /* Build configuration list for PBXNativeTarget "final_project" */ = {
			isa = XCConfigurationList;
			buildConfigurations = (
				70366089293C576D00D46160 /* Debug */,
				7036608A293C576D00D46160 /* Release */,
			);
			defaultConfigurationIsVisible = 0;
			defaultConfigurationName = Release;
		};
		703660B22951F6C400D46160 /* Build configuration list for PBXNativeTarget "final_projectWidgetExtension" */ = {
			isa = XCConfigurationList;
			buildConfigurations = (
				703660B02951F6C400D46160 /* Debug */,
				703660B12951F6C400D46160 /* Release */,
			);
			defaultConfigurationIsVisible = 0;
			defaultConfigurationName = Release;
		};
/* End XCConfigurationList section */

/* Begin XCRemoteSwiftPackageReference section */
		703660B32956CCE400D46160 /* XCRemoteSwiftPackageReference "AnimateText" */ = {
			isa = XCRemoteSwiftPackageReference;
			repositoryURL = "https://github.com/jasudev/AnimateText";
			requirement = {
				kind = upToNextMajorVersion;
				minimumVersion = 0.5.0;
			};
		};
		703660B42956CEEB00D46160 /* XCRemoteSwiftPackageReference "Kingfisher" */ = {
			isa = XCRemoteSwiftPackageReference;
			repositoryURL = "https://github.com/onevcat/Kingfisher";
			requirement = {
				branch = master;
				kind = branch;
			};
		};
		703660B52956CFF600D46160 /* XCRemoteSwiftPackageReference "SwipyCell" */ = {
			isa = XCRemoteSwiftPackageReference;
			repositoryURL = "https://github.com/moritzsternemann/SwipyCell";
			requirement = {
				kind = upToNextMajorVersion;
				minimumVersion = 4.0.0;
			};
		};
		703660B62956D3C200D46160 /* XCRemoteSwiftPackageReference "Nuke" */ = {
			isa = XCRemoteSwiftPackageReference;
			repositoryURL = "https://github.com/kean/Nuke";
			requirement = {
				branch = master;
				kind = branch;
			};
		};
		703660BB2956D80700D46160 /* XCRemoteSwiftPackageReference "EasyMenu" */ = {
			isa = XCRemoteSwiftPackageReference;
			repositoryURL = "https://github.com/hdehghan/EasyMenu";
			requirement = {
				branch = main;
				kind = branch;
			};
		};
		703660BE2956D8A100D46160 /* XCRemoteSwiftPackageReference "shiny" */ = {
			isa = XCRemoteSwiftPackageReference;
			repositoryURL = "https://github.com/maustinstar/shiny";
			requirement = {
				branch = master;
				kind = branch;
			};
		};
		703660C12956D97300D46160 /* XCRemoteSwiftPackageReference "liquid" */ = {
			isa = XCRemoteSwiftPackageReference;
			repositoryURL = "https://github.com/maustinstar/liquid";
			requirement = {
				branch = master;
				kind = branch;
			};
		};
/* End XCRemoteSwiftPackageReference section */

/* Begin XCSwiftPackageProductDependency section */
		703660B72956D3C200D46160 /* Nuke */ = {
			isa = XCSwiftPackageProductDependency;
			package = 703660B62956D3C200D46160 /* XCRemoteSwiftPackageReference "Nuke" */;
			productName = Nuke;
		};
		703660B92956D41900D46160 /* AnimateText */ = {
			isa = XCSwiftPackageProductDependency;
			package = 703660B32956CCE400D46160 /* XCRemoteSwiftPackageReference "AnimateText" */;
			productName = AnimateText;
		};
		703660BC2956D80700D46160 /* EasyMenu */ = {
			isa = XCSwiftPackageProductDependency;
			package = 703660BB2956D80700D46160 /* XCRemoteSwiftPackageReference "EasyMenu" */;
			productName = EasyMenu;
		};
		703660BF2956D8A100D46160 /* Shiny */ = {
			isa = XCSwiftPackageProductDependency;
			package = 703660BE2956D8A100D46160 /* XCRemoteSwiftPackageReference "shiny" */;
			productName = Shiny;
		};
		703660C22956D97300D46160 /* Liquid */ = {
			isa = XCSwiftPackageProductDependency;
			package = 703660C12956D97300D46160 /* XCRemoteSwiftPackageReference "liquid" */;
			productName = Liquid;
		};
/* End XCSwiftPackageProductDependency section */
	};
	rootObject = 70366072293C576C00D46160 /* Project object */;
}
